// !$*UTF8*$!
{
	archiveVersion = 1;
	classes = {
	};
	objectVersion = 52;
	objects = {

/* Begin PBXBuildFile section */
		4D23F8A92563324200B71502 /* Tests_iOS.swift in Sources */ = {isa = PBXBuildFile; fileRef = 4D23F8A82563324200B71502 /* Tests_iOS.swift */; };
		4D23F8B42563324200B71502 /* Tests_macOS.swift in Sources */ = {isa = PBXBuildFile; fileRef = 4D23F8B32563324200B71502 /* Tests_macOS.swift */; };
		4D23F8B62563324200B71502 /* SwiftUIMarkdownEditorApp.swift in Sources */ = {isa = PBXBuildFile; fileRef = 4D23F88C2563324000B71502 /* SwiftUIMarkdownEditorApp.swift */; };
		4D23F8B72563324200B71502 /* SwiftUIMarkdownEditorApp.swift in Sources */ = {isa = PBXBuildFile; fileRef = 4D23F88C2563324000B71502 /* SwiftUIMarkdownEditorApp.swift */; };
		4D23F8B82563324200B71502 /* SwiftUIMarkdownEditorDocument.swift in Sources */ = {isa = PBXBuildFile; fileRef = 4D23F88D2563324000B71502 /* SwiftUIMarkdownEditorDocument.swift */; };
		4D23F8B92563324200B71502 /* SwiftUIMarkdownEditorDocument.swift in Sources */ = {isa = PBXBuildFile; fileRef = 4D23F88D2563324000B71502 /* SwiftUIMarkdownEditorDocument.swift */; };
		4D23F8BA2563324200B71502 /* ContentView.swift in Sources */ = {isa = PBXBuildFile; fileRef = 4D23F88E2563324000B71502 /* ContentView.swift */; };
		4D23F8BB2563324200B71502 /* ContentView.swift in Sources */ = {isa = PBXBuildFile; fileRef = 4D23F88E2563324000B71502 /* ContentView.swift */; };
		4D23F8BC2563324200B71502 /* Assets.xcassets in Resources */ = {isa = PBXBuildFile; fileRef = 4D23F88F2563324200B71502 /* Assets.xcassets */; };
		4D23F8BD2563324200B71502 /* Assets.xcassets in Resources */ = {isa = PBXBuildFile; fileRef = 4D23F88F2563324200B71502 /* Assets.xcassets */; };
		4D23F8D62563335F00B71502 /* Ink in Frameworks */ = {isa = PBXBuildFile; productRef = 4D23F8D52563335F00B71502 /* Ink */; };
		4D23F8DD2563336B00B71502 /* Ink in Frameworks */ = {isa = PBXBuildFile; productRef = 4D23F8DC2563336B00B71502 /* Ink */; };
		4D23F8E3256334FB00B71502 /* WebView.swift in Sources */ = {isa = PBXBuildFile; fileRef = 4D23F8E22563347800B71502 /* WebView.swift */; };
		4DB5CE8726B32E1900D629BC /* CodeEditor in Frameworks */ = {isa = PBXBuildFile; productRef = 4DB5CE8626B32E1900D629BC /* CodeEditor */; };
		4DB5CE8926B32E6800D629BC /* CodeThemeNames.swift in Sources */ = {isa = PBXBuildFile; fileRef = 4DB5CE8826B32E6800D629BC /* CodeThemeNames.swift */; };
		4DB5CE8A26B32E6800D629BC /* CodeThemeNames.swift in Sources */ = {isa = PBXBuildFile; fileRef = 4DB5CE8826B32E6800D629BC /* CodeThemeNames.swift */; };
		4DE3B71C25676B7600A01423 /* WebView.swift in Sources */ = {isa = PBXBuildFile; fileRef = 4DE3B717256754D100A01423 /* WebView.swift */; };
		4DF11EFD26CD827300070C9A /* CodeEditor in Frameworks */ = {isa = PBXBuildFile; productRef = 4DF11EFC26CD827300070C9A /* CodeEditor */; };
/* End PBXBuildFile section */

/* Begin PBXContainerItemProxy section */
		4D23F8A52563324200B71502 /* PBXContainerItemProxy */ = {
			isa = PBXContainerItemProxy;
			containerPortal = 4D23F8872563324000B71502 /* Project object */;
			proxyType = 1;
			remoteGlobalIDString = 4D23F8932563324200B71502;
			remoteInfo = "SwiftUIMarkdownEditor (iOS)";
		};
		4D23F8B02563324200B71502 /* PBXContainerItemProxy */ = {
			isa = PBXContainerItemProxy;
			containerPortal = 4D23F8872563324000B71502 /* Project object */;
			proxyType = 1;
			remoteGlobalIDString = 4D23F89B2563324200B71502;
			remoteInfo = "SwiftUIMarkdownEditor (macOS)";
		};
/* End PBXContainerItemProxy section */

/* Begin PBXFileReference section */
		4D23F88C2563324000B71502 /* SwiftUIMarkdownEditorApp.swift */ = {isa = PBXFileReference; lastKnownFileType = sourcecode.swift; path = SwiftUIMarkdownEditorApp.swift; sourceTree = "<group>"; };
		4D23F88D2563324000B71502 /* SwiftUIMarkdownEditorDocument.swift */ = {isa = PBXFileReference; lastKnownFileType = sourcecode.swift; path = SwiftUIMarkdownEditorDocument.swift; sourceTree = "<group>"; };
		4D23F88E2563324000B71502 /* ContentView.swift */ = {isa = PBXFileReference; lastKnownFileType = sourcecode.swift; path = ContentView.swift; sourceTree = "<group>"; };
		4D23F88F2563324200B71502 /* Assets.xcassets */ = {isa = PBXFileReference; lastKnownFileType = folder.assetcatalog; path = Assets.xcassets; sourceTree = "<group>"; };
		4D23F8942563324200B71502 /* SwiftUIMarkdownEditor.app */ = {isa = PBXFileReference; explicitFileType = wrapper.application; includeInIndex = 0; path = SwiftUIMarkdownEditor.app; sourceTree = BUILT_PRODUCTS_DIR; };
		4D23F8972563324200B71502 /* Info.plist */ = {isa = PBXFileReference; lastKnownFileType = text.plist.xml; path = Info.plist; sourceTree = "<group>"; };
		4D23F89C2563324200B71502 /* SwiftUIMarkdownEditor.app */ = {isa = PBXFileReference; explicitFileType = wrapper.application; includeInIndex = 0; path = SwiftUIMarkdownEditor.app; sourceTree = BUILT_PRODUCTS_DIR; };
		4D23F89E2563324200B71502 /* Info.plist */ = {isa = PBXFileReference; lastKnownFileType = text.plist.xml; path = Info.plist; sourceTree = "<group>"; };
		4D23F89F2563324200B71502 /* macOS.entitlements */ = {isa = PBXFileReference; lastKnownFileType = text.plist.entitlements; path = macOS.entitlements; sourceTree = "<group>"; };
		4D23F8A42563324200B71502 /* Tests iOS.xctest */ = {isa = PBXFileReference; explicitFileType = wrapper.cfbundle; includeInIndex = 0; path = "Tests iOS.xctest"; sourceTree = BUILT_PRODUCTS_DIR; };
		4D23F8A82563324200B71502 /* Tests_iOS.swift */ = {isa = PBXFileReference; lastKnownFileType = sourcecode.swift; path = Tests_iOS.swift; sourceTree = "<group>"; };
		4D23F8AA2563324200B71502 /* Info.plist */ = {isa = PBXFileReference; lastKnownFileType = text.plist.xml; path = Info.plist; sourceTree = "<group>"; };
		4D23F8AF2563324200B71502 /* Tests macOS.xctest */ = {isa = PBXFileReference; explicitFileType = wrapper.cfbundle; includeInIndex = 0; path = "Tests macOS.xctest"; sourceTree = BUILT_PRODUCTS_DIR; };
		4D23F8B32563324200B71502 /* Tests_macOS.swift */ = {isa = PBXFileReference; lastKnownFileType = sourcecode.swift; path = Tests_macOS.swift; sourceTree = "<group>"; };
		4D23F8B52563324200B71502 /* Info.plist */ = {isa = PBXFileReference; lastKnownFileType = text.plist.xml; path = Info.plist; sourceTree = "<group>"; };
		4D23F8E22563347800B71502 /* WebView.swift */ = {isa = PBXFileReference; lastKnownFileType = sourcecode.swift; path = WebView.swift; sourceTree = "<group>"; };
		4DB5CE8826B32E6800D629BC /* CodeThemeNames.swift */ = {isa = PBXFileReference; lastKnownFileType = sourcecode.swift; path = CodeThemeNames.swift; sourceTree = "<group>"; };
		4DE3B717256754D100A01423 /* WebView.swift */ = {isa = PBXFileReference; lastKnownFileType = sourcecode.swift; path = WebView.swift; sourceTree = "<group>"; };
		4DE3B78B256863A200A01423 /* README.md */ = {isa = PBXFileReference; fileEncoding = 4; lastKnownFileType = net.daringfireball.markdown; path = README.md; sourceTree = "<group>"; };
/* End PBXFileReference section */

/* Begin PBXFrameworksBuildPhase section */
		4D23F8912563324200B71502 /* Frameworks */ = {
			isa = PBXFrameworksBuildPhase;
			buildActionMask = 2147483647;
			files = (
				4DF11EFD26CD827300070C9A /* CodeEditor in Frameworks */,
				4D23F8D62563335F00B71502 /* Ink in Frameworks */,
			);
			runOnlyForDeploymentPostprocessing = 0;
		};
		4D23F8992563324200B71502 /* Frameworks */ = {
			isa = PBXFrameworksBuildPhase;
			buildActionMask = 2147483647;
			files = (
				4DB5CE8726B32E1900D629BC /* CodeEditor in Frameworks */,
				4D23F8DD2563336B00B71502 /* Ink in Frameworks */,
			);
			runOnlyForDeploymentPostprocessing = 0;
		};
		4D23F8A12563324200B71502 /* Frameworks */ = {
			isa = PBXFrameworksBuildPhase;
			buildActionMask = 2147483647;
			files = (
			);
			runOnlyForDeploymentPostprocessing = 0;
		};
		4D23F8AC2563324200B71502 /* Frameworks */ = {
			isa = PBXFrameworksBuildPhase;
			buildActionMask = 2147483647;
			files = (
			);
			runOnlyForDeploymentPostprocessing = 0;
		};
/* End PBXFrameworksBuildPhase section */

/* Begin PBXGroup section */
		4D23F8862563324000B71502 = {
			isa = PBXGroup;
			children = (
				4DE3B78B256863A200A01423 /* README.md */,
				4D23F88B2563324000B71502 /* Shared */,
				4D23F8962563324200B71502 /* iOS */,
				4D23F89D2563324200B71502 /* macOS */,
				4D23F8A72563324200B71502 /* Tests iOS */,
				4D23F8B22563324200B71502 /* Tests macOS */,
				4D23F8952563324200B71502 /* Products */,
				4D23F8DB2563336B00B71502 /* Frameworks */,
			);
			sourceTree = "<group>";
		};
		4D23F88B2563324000B71502 /* Shared */ = {
			isa = PBXGroup;
			children = (
				4D23F88C2563324000B71502 /* SwiftUIMarkdownEditorApp.swift */,
				4D23F88D2563324000B71502 /* SwiftUIMarkdownEditorDocument.swift */,
				4D23F88E2563324000B71502 /* ContentView.swift */,
				4DB5CE8826B32E6800D629BC /* CodeThemeNames.swift */,
				4D23F88F2563324200B71502 /* Assets.xcassets */,
			);
			path = Shared;
			sourceTree = "<group>";
		};
		4D23F8952563324200B71502 /* Products */ = {
			isa = PBXGroup;
			children = (
				4D23F8942563324200B71502 /* SwiftUIMarkdownEditor.app */,
				4D23F89C2563324200B71502 /* SwiftUIMarkdownEditor.app */,
				4D23F8A42563324200B71502 /* Tests iOS.xctest */,
				4D23F8AF2563324200B71502 /* Tests macOS.xctest */,
			);
			name = Products;
			sourceTree = "<group>";
		};
		4D23F8962563324200B71502 /* iOS */ = {
			isa = PBXGroup;
			children = (
				4D23F8972563324200B71502 /* Info.plist */,
				4D23F8E22563347800B71502 /* WebView.swift */,
			);
			path = iOS;
			sourceTree = "<group>";
		};
		4D23F89D2563324200B71502 /* macOS */ = {
			isa = PBXGroup;
			children = (
				4D23F89E2563324200B71502 /* Info.plist */,
				4D23F89F2563324200B71502 /* macOS.entitlements */,
				4DE3B717256754D100A01423 /* WebView.swift */,
			);
			path = macOS;
			sourceTree = "<group>";
		};
		4D23F8A72563324200B71502 /* Tests iOS */ = {
			isa = PBXGroup;
			children = (
				4D23F8A82563324200B71502 /* Tests_iOS.swift */,
				4D23F8AA2563324200B71502 /* Info.plist */,
			);
			path = "Tests iOS";
			sourceTree = "<group>";
		};
		4D23F8B22563324200B71502 /* Tests macOS */ = {
			isa = PBXGroup;
			children = (
				4D23F8B32563324200B71502 /* Tests_macOS.swift */,
				4D23F8B52563324200B71502 /* Info.plist */,
			);
			path = "Tests macOS";
			sourceTree = "<group>";
		};
		4D23F8DB2563336B00B71502 /* Frameworks */ = {
			isa = PBXGroup;
			children = (
			);
			name = Frameworks;
			sourceTree = "<group>";
		};
/* End PBXGroup section */

/* Begin PBXNativeTarget section */
		4D23F8932563324200B71502 /* SwiftUIMarkdownEditor (iOS) */ = {
			isa = PBXNativeTarget;
			buildConfigurationList = 4D23F8C02563324200B71502 /* Build configuration list for PBXNativeTarget "SwiftUIMarkdownEditor (iOS)" */;
			buildPhases = (
				4D23F8902563324200B71502 /* Sources */,
				4D23F8912563324200B71502 /* Frameworks */,
				4D23F8922563324200B71502 /* Resources */,
			);
			buildRules = (
			);
			dependencies = (
			);
			name = "SwiftUIMarkdownEditor (iOS)";
			packageProductDependencies = (
				4D23F8D52563335F00B71502 /* Ink */,
				4DF11EFC26CD827300070C9A /* CodeEditor */,
			);
			productName = "SwiftUIMarkdownEditor (iOS)";
			productReference = 4D23F8942563324200B71502 /* SwiftUIMarkdownEditor.app */;
			productType = "com.apple.product-type.application";
		};
		4D23F89B2563324200B71502 /* SwiftUIMarkdownEditor (macOS) */ = {
			isa = PBXNativeTarget;
			buildConfigurationList = 4D23F8C32563324200B71502 /* Build configuration list for PBXNativeTarget "SwiftUIMarkdownEditor (macOS)" */;
			buildPhases = (
				4D23F8982563324200B71502 /* Sources */,
				4D23F8992563324200B71502 /* Frameworks */,
				4D23F89A2563324200B71502 /* Resources */,
			);
			buildRules = (
			);
			dependencies = (
			);
			name = "SwiftUIMarkdownEditor (macOS)";
			packageProductDependencies = (
				4D23F8DC2563336B00B71502 /* Ink */,
				4DB5CE8626B32E1900D629BC /* CodeEditor */,
			);
			productName = "SwiftUIMarkdownEditor (macOS)";
			productReference = 4D23F89C2563324200B71502 /* SwiftUIMarkdownEditor.app */;
			productType = "com.apple.product-type.application";
		};
		4D23F8A32563324200B71502 /* Tests iOS */ = {
			isa = PBXNativeTarget;
			buildConfigurationList = 4D23F8C62563324200B71502 /* Build configuration list for PBXNativeTarget "Tests iOS" */;
			buildPhases = (
				4D23F8A02563324200B71502 /* Sources */,
				4D23F8A12563324200B71502 /* Frameworks */,
				4D23F8A22563324200B71502 /* Resources */,
			);
			buildRules = (
			);
			dependencies = (
				4D23F8A62563324200B71502 /* PBXTargetDependency */,
			);
			name = "Tests iOS";
			productName = "Tests iOS";
			productReference = 4D23F8A42563324200B71502 /* Tests iOS.xctest */;
			productType = "com.apple.product-type.bundle.ui-testing";
		};
		4D23F8AE2563324200B71502 /* Tests macOS */ = {
			isa = PBXNativeTarget;
			buildConfigurationList = 4D23F8C92563324200B71502 /* Build configuration list for PBXNativeTarget "Tests macOS" */;
			buildPhases = (
				4D23F8AB2563324200B71502 /* Sources */,
				4D23F8AC2563324200B71502 /* Frameworks */,
				4D23F8AD2563324200B71502 /* Resources */,
			);
			buildRules = (
			);
			dependencies = (
				4D23F8B12563324200B71502 /* PBXTargetDependency */,
			);
			name = "Tests macOS";
			productName = "Tests macOS";
			productReference = 4D23F8AF2563324200B71502 /* Tests macOS.xctest */;
			productType = "com.apple.product-type.bundle.ui-testing";
		};
/* End PBXNativeTarget section */

/* Begin PBXProject section */
		4D23F8872563324000B71502 /* Project object */ = {
			isa = PBXProject;
			attributes = {
				LastSwiftUpdateCheck = 1220;
				LastUpgradeCheck = 1220;
				TargetAttributes = {
					4D23F8932563324200B71502 = {
						CreatedOnToolsVersion = 12.2;
					};
					4D23F89B2563324200B71502 = {
						CreatedOnToolsVersion = 12.2;
					};
					4D23F8A32563324200B71502 = {
						CreatedOnToolsVersion = 12.2;
						TestTargetID = 4D23F8932563324200B71502;
					};
					4D23F8AE2563324200B71502 = {
						CreatedOnToolsVersion = 12.2;
						TestTargetID = 4D23F89B2563324200B71502;
					};
				};
			};
			buildConfigurationList = 4D23F88A2563324000B71502 /* Build configuration list for PBXProject "SwiftUIMarkdownEditor" */;
			compatibilityVersion = "Xcode 9.3";
			developmentRegion = en;
			hasScannedForEncodings = 0;
			knownRegions = (
				en,
				Base,
			);
			mainGroup = 4D23F8862563324000B71502;
			packageReferences = (
				4D23F8D42563335F00B71502 /* XCRemoteSwiftPackageReference "Ink" */,
				4DB5CE8526B32E0A00D629BC /* XCRemoteSwiftPackageReference "CodeEditor" */,
			);
			productRefGroup = 4D23F8952563324200B71502 /* Products */;
			projectDirPath = "";
			projectRoot = "";
			targets = (
				4D23F8932563324200B71502 /* SwiftUIMarkdownEditor (iOS) */,
				4D23F89B2563324200B71502 /* SwiftUIMarkdownEditor (macOS) */,
				4D23F8A32563324200B71502 /* Tests iOS */,
				4D23F8AE2563324200B71502 /* Tests macOS */,
			);
		};
/* End PBXProject section */

/* Begin PBXResourcesBuildPhase section */
		4D23F8922563324200B71502 /* Resources */ = {
			isa = PBXResourcesBuildPhase;
			buildActionMask = 2147483647;
			files = (
				4D23F8BC2563324200B71502 /* Assets.xcassets in Resources */,
			);
			runOnlyForDeploymentPostprocessing = 0;
		};
		4D23F89A2563324200B71502 /* Resources */ = {
			isa = PBXResourcesBuildPhase;
			buildActionMask = 2147483647;
			files = (
				4D23F8BD2563324200B71502 /* Assets.xcassets in Resources */,
			);
			runOnlyForDeploymentPostprocessing = 0;
		};
		4D23F8A22563324200B71502 /* Resources */ = {
			isa = PBXResourcesBuildPhase;
			buildActionMask = 2147483647;
			files = (
			);
			runOnlyForDeploymentPostprocessing = 0;
		};
		4D23F8AD2563324200B71502 /* Resources */ = {
			isa = PBXResourcesBuildPhase;
			buildActionMask = 2147483647;
			files = (
			);
			runOnlyForDeploymentPostprocessing = 0;
		};
/* End PBXResourcesBuildPhase section */

/* Begin PBXSourcesBuildPhase section */
		4D23F8902563324200B71502 /* Sources */ = {
			isa = PBXSourcesBuildPhase;
			buildActionMask = 2147483647;
			files = (
				4D23F8B82563324200B71502 /* SwiftUIMarkdownEditorDocument.swift in Sources */,
				4D23F8E3256334FB00B71502 /* WebView.swift in Sources */,
				4D23F8B62563324200B71502 /* SwiftUIMarkdownEditorApp.swift in Sources */,
				4D23F8BA2563324200B71502 /* ContentView.swift in Sources */,
				4DB5CE8926B32E6800D629BC /* CodeThemeNames.swift in Sources */,
			);
			runOnlyForDeploymentPostprocessing = 0;
		};
		4D23F8982563324200B71502 /* Sources */ = {
			isa = PBXSourcesBuildPhase;
			buildActionMask = 2147483647;
			files = (
				4D23F8B92563324200B71502 /* SwiftUIMarkdownEditorDocument.swift in Sources */,
				4DE3B71C25676B7600A01423 /* WebView.swift in Sources */,
				4D23F8B72563324200B71502 /* SwiftUIMarkdownEditorApp.swift in Sources */,
				4D23F8BB2563324200B71502 /* ContentView.swift in Sources */,
				4DB5CE8A26B32E6800D629BC /* CodeThemeNames.swift in Sources */,
			);
			runOnlyForDeploymentPostprocessing = 0;
		};
		4D23F8A02563324200B71502 /* Sources */ = {
			isa = PBXSourcesBuildPhase;
			buildActionMask = 2147483647;
			files = (
				4D23F8A92563324200B71502 /* Tests_iOS.swift in Sources */,
			);
			runOnlyForDeploymentPostprocessing = 0;
		};
		4D23F8AB2563324200B71502 /* Sources */ = {
			isa = PBXSourcesBuildPhase;
			buildActionMask = 2147483647;
			files = (
				4D23F8B42563324200B71502 /* Tests_macOS.swift in Sources */,
			);
			runOnlyForDeploymentPostprocessing = 0;
		};
/* End PBXSourcesBuildPhase section */

/* Begin PBXTargetDependency section */
		4D23F8A62563324200B71502 /* PBXTargetDependency */ = {
			isa = PBXTargetDependency;
			target = 4D23F8932563324200B71502 /* SwiftUIMarkdownEditor (iOS) */;
			targetProxy = 4D23F8A52563324200B71502 /* PBXContainerItemProxy */;
		};
		4D23F8B12563324200B71502 /* PBXTargetDependency */ = {
			isa = PBXTargetDependency;
			target = 4D23F89B2563324200B71502 /* SwiftUIMarkdownEditor (macOS) */;
			targetProxy = 4D23F8B02563324200B71502 /* PBXContainerItemProxy */;
		};
/* End PBXTargetDependency section */

/* Begin XCBuildConfiguration section */
		4D23F8BE2563324200B71502 /* Debug */ = {
			isa = XCBuildConfiguration;
			buildSettings = {
				ALWAYS_SEARCH_USER_PATHS = NO;
				CLANG_ANALYZER_NONNULL = YES;
				CLANG_ANALYZER_NUMBER_OBJECT_CONVERSION = YES_AGGRESSIVE;
				CLANG_CXX_LANGUAGE_STANDARD = "gnu++14";
				CLANG_CXX_LIBRARY = "libc++";
				CLANG_ENABLE_MODULES = YES;
				CLANG_ENABLE_OBJC_ARC = YES;
				CLANG_ENABLE_OBJC_WEAK = YES;
				CLANG_WARN_BLOCK_CAPTURE_AUTORELEASING = YES;
				CLANG_WARN_BOOL_CONVERSION = YES;
				CLANG_WARN_COMMA = YES;
				CLANG_WARN_CONSTANT_CONVERSION = YES;
				CLANG_WARN_DEPRECATED_OBJC_IMPLEMENTATIONS = YES;
				CLANG_WARN_DIRECT_OBJC_ISA_USAGE = YES_ERROR;
				CLANG_WARN_DOCUMENTATION_COMMENTS = YES;
				CLANG_WARN_EMPTY_BODY = YES;
				CLANG_WARN_ENUM_CONVERSION = YES;
				CLANG_WARN_INFINITE_RECURSION = YES;
				CLANG_WARN_INT_CONVERSION = YES;
				CLANG_WARN_NON_LITERAL_NULL_CONVERSION = YES;
				CLANG_WARN_OBJC_IMPLICIT_RETAIN_SELF = YES;
				CLANG_WARN_OBJC_LITERAL_CONVERSION = YES;
				CLANG_WARN_OBJC_ROOT_CLASS = YES_ERROR;
				CLANG_WARN_QUOTED_INCLUDE_IN_FRAMEWORK_HEADER = YES;
				CLANG_WARN_RANGE_LOOP_ANALYSIS = YES;
				CLANG_WARN_STRICT_PROTOTYPES = YES;
				CLANG_WARN_SUSPICIOUS_MOVE = YES;
				CLANG_WARN_UNGUARDED_AVAILABILITY = YES_AGGRESSIVE;
				CLANG_WARN_UNREACHABLE_CODE = YES;
				CLANG_WARN__DUPLICATE_METHOD_MATCH = YES;
				COPY_PHASE_STRIP = NO;
				DEBUG_INFORMATION_FORMAT = dwarf;
				ENABLE_STRICT_OBJC_MSGSEND = YES;
				ENABLE_TESTABILITY = YES;
				GCC_C_LANGUAGE_STANDARD = gnu11;
				GCC_DYNAMIC_NO_PIC = NO;
				GCC_NO_COMMON_BLOCKS = YES;
				GCC_OPTIMIZATION_LEVEL = 0;
				GCC_PREPROCESSOR_DEFINITIONS = (
					"DEBUG=1",
					"$(inherited)",
				);
				GCC_WARN_64_TO_32_BIT_CONVERSION = YES;
				GCC_WARN_ABOUT_RETURN_TYPE = YES_ERROR;
				GCC_WARN_UNDECLARED_SELECTOR = YES;
				GCC_WARN_UNINITIALIZED_AUTOS = YES_AGGRESSIVE;
				GCC_WARN_UNUSED_FUNCTION = YES;
				GCC_WARN_UNUSED_VARIABLE = YES;
				MTL_ENABLE_DEBUG_INFO = INCLUDE_SOURCE;
				MTL_FAST_MATH = YES;
				ONLY_ACTIVE_ARCH = YES;
				SWIFT_ACTIVE_COMPILATION_CONDITIONS = DEBUG;
				SWIFT_OPTIMIZATION_LEVEL = "-Onone";
			};
			name = Debug;
		};
		4D23F8BF2563324200B71502 /* Release */ = {
			isa = XCBuildConfiguration;
			buildSettings = {
				ALWAYS_SEARCH_USER_PATHS = NO;
				CLANG_ANALYZER_NONNULL = YES;
				CLANG_ANALYZER_NUMBER_OBJECT_CONVERSION = YES_AGGRESSIVE;
				CLANG_CXX_LANGUAGE_STANDARD = "gnu++14";
				CLANG_CXX_LIBRARY = "libc++";
				CLANG_ENABLE_MODULES = YES;
				CLANG_ENABLE_OBJC_ARC = YES;
				CLANG_ENABLE_OBJC_WEAK = YES;
				CLANG_WARN_BLOCK_CAPTURE_AUTORELEASING = YES;
				CLANG_WARN_BOOL_CONVERSION = YES;
				CLANG_WARN_COMMA = YES;
				CLANG_WARN_CONSTANT_CONVERSION = YES;
				CLANG_WARN_DEPRECATED_OBJC_IMPLEMENTATIONS = YES;
				CLANG_WARN_DIRECT_OBJC_ISA_USAGE = YES_ERROR;
				CLANG_WARN_DOCUMENTATION_COMMENTS = YES;
				CLANG_WARN_EMPTY_BODY = YES;
				CLANG_WARN_ENUM_CONVERSION = YES;
				CLANG_WARN_INFINITE_RECURSION = YES;
				CLANG_WARN_INT_CONVERSION = YES;
				CLANG_WARN_NON_LITERAL_NULL_CONVERSION = YES;
				CLANG_WARN_OBJC_IMPLICIT_RETAIN_SELF = YES;
				CLANG_WARN_OBJC_LITERAL_CONVERSION = YES;
				CLANG_WARN_OBJC_ROOT_CLASS = YES_ERROR;
				CLANG_WARN_QUOTED_INCLUDE_IN_FRAMEWORK_HEADER = YES;
				CLANG_WARN_RANGE_LOOP_ANALYSIS = YES;
				CLANG_WARN_STRICT_PROTOTYPES = YES;
				CLANG_WARN_SUSPICIOUS_MOVE = YES;
				CLANG_WARN_UNGUARDED_AVAILABILITY = YES_AGGRESSIVE;
				CLANG_WARN_UNREACHABLE_CODE = YES;
				CLANG_WARN__DUPLICATE_METHOD_MATCH = YES;
				COPY_PHASE_STRIP = NO;
				DEBUG_INFORMATION_FORMAT = "dwarf-with-dsym";
				ENABLE_NS_ASSERTIONS = NO;
				ENABLE_STRICT_OBJC_MSGSEND = YES;
				GCC_C_LANGUAGE_STANDARD = gnu11;
				GCC_NO_COMMON_BLOCKS = YES;
				GCC_WARN_64_TO_32_BIT_CONVERSION = YES;
				GCC_WARN_ABOUT_RETURN_TYPE = YES_ERROR;
				GCC_WARN_UNDECLARED_SELECTOR = YES;
				GCC_WARN_UNINITIALIZED_AUTOS = YES_AGGRESSIVE;
				GCC_WARN_UNUSED_FUNCTION = YES;
				GCC_WARN_UNUSED_VARIABLE = YES;
				MTL_ENABLE_DEBUG_INFO = NO;
				MTL_FAST_MATH = YES;
				SWIFT_COMPILATION_MODE = wholemodule;
				SWIFT_OPTIMIZATION_LEVEL = "-O";
			};
			name = Release;
		};
		4D23F8C12563324200B71502 /* Debug */ = {
			isa = XCBuildConfiguration;
			buildSettings = {
				ASSETCATALOG_COMPILER_APPICON_NAME = AppIcon;
				ASSETCATALOG_COMPILER_GLOBAL_ACCENT_COLOR_NAME = AccentColor;
				CODE_SIGN_STYLE = Automatic;
				DEVELOPMENT_TEAM = SJHNKGG86R;
				ENABLE_PREVIEWS = YES;
				INFOPLIST_FILE = iOS/Info.plist;
				IPHONEOS_DEPLOYMENT_TARGET = 14.0;
				LD_RUNPATH_SEARCH_PATHS = (
					"$(inherited)",
					"@executable_path/Frameworks",
				);
				PRODUCT_BUNDLE_IDENTIFIER = com.SwiftDevJournal.SwiftUIMarkdownEditor;
				PRODUCT_NAME = SwiftUIMarkdownEditor;
				SDKROOT = iphoneos;
				SWIFT_VERSION = 5.0;
				TARGETED_DEVICE_FAMILY = "1,2";
			};
			name = Debug;
		};
		4D23F8C22563324200B71502 /* Release */ = {
			isa = XCBuildConfiguration;
			buildSettings = {
				ASSETCATALOG_COMPILER_APPICON_NAME = AppIcon;
				ASSETCATALOG_COMPILER_GLOBAL_ACCENT_COLOR_NAME = AccentColor;
				CODE_SIGN_STYLE = Automatic;
				DEVELOPMENT_TEAM = SJHNKGG86R;
				ENABLE_PREVIEWS = YES;
				INFOPLIST_FILE = iOS/Info.plist;
				IPHONEOS_DEPLOYMENT_TARGET = 14.0;
				LD_RUNPATH_SEARCH_PATHS = (
					"$(inherited)",
					"@executable_path/Frameworks",
				);
				PRODUCT_BUNDLE_IDENTIFIER = com.SwiftDevJournal.SwiftUIMarkdownEditor;
				PRODUCT_NAME = SwiftUIMarkdownEditor;
				SDKROOT = iphoneos;
				SWIFT_VERSION = 5.0;
				TARGETED_DEVICE_FAMILY = "1,2";
				VALIDATE_PRODUCT = YES;
			};
			name = Release;
		};
		4D23F8C42563324200B71502 /* Debug */ = {
			isa = XCBuildConfiguration;
			buildSettings = {
				ASSETCATALOG_COMPILER_APPICON_NAME = AppIcon;
				ASSETCATALOG_COMPILER_GLOBAL_ACCENT_COLOR_NAME = AccentColor;
				CODE_SIGN_ENTITLEMENTS = macOS/macOS.entitlements;
				CODE_SIGN_STYLE = Automatic;
				COMBINE_HIDPI_IMAGES = YES;
				DEVELOPMENT_TEAM = SJHNKGG86R;
				ENABLE_HARDENED_RUNTIME = YES;
				ENABLE_PREVIEWS = YES;
				INFOPLIST_FILE = macOS/Info.plist;
				LD_RUNPATH_SEARCH_PATHS = (
					"$(inherited)",
					"@executable_path/../Frameworks",
				);
				MACOSX_DEPLOYMENT_TARGET = 11.0;
				PRODUCT_BUNDLE_IDENTIFIER = com.SwiftDevJournal.SwiftUIMarkdownEditor;
				PRODUCT_NAME = SwiftUIMarkdownEditor;
				SDKROOT = macosx;
				SWIFT_VERSION = 5.0;
			};
			name = Debug;
		};
		4D23F8C52563324200B71502 /* Release */ = {
			isa = XCBuildConfiguration;
			buildSettings = {
				ASSETCATALOG_COMPILER_APPICON_NAME = AppIcon;
				ASSETCATALOG_COMPILER_GLOBAL_ACCENT_COLOR_NAME = AccentColor;
				CODE_SIGN_ENTITLEMENTS = macOS/macOS.entitlements;
				CODE_SIGN_STYLE = Automatic;
				COMBINE_HIDPI_IMAGES = YES;
				DEVELOPMENT_TEAM = SJHNKGG86R;
				ENABLE_HARDENED_RUNTIME = YES;
				ENABLE_PREVIEWS = YES;
				INFOPLIST_FILE = macOS/Info.plist;
				LD_RUNPATH_SEARCH_PATHS = (
					"$(inherited)",
					"@executable_path/../Frameworks",
				);
				MACOSX_DEPLOYMENT_TARGET = 11.0;
				PRODUCT_BUNDLE_IDENTIFIER = com.SwiftDevJournal.SwiftUIMarkdownEditor;
				PRODUCT_NAME = SwiftUIMarkdownEditor;
				SDKROOT = macosx;
				SWIFT_VERSION = 5.0;
			};
			name = Release;
		};
		4D23F8C72563324200B71502 /* Debug */ = {
			isa = XCBuildConfiguration;
			buildSettings = {
				ALWAYS_EMBED_SWIFT_STANDARD_LIBRARIES = YES;
				CODE_SIGN_STYLE = Automatic;
				DEVELOPMENT_TEAM = SJHNKGG86R;
				INFOPLIST_FILE = "Tests iOS/Info.plist";
				IPHONEOS_DEPLOYMENT_TARGET = 14.2;
				LD_RUNPATH_SEARCH_PATHS = (
					"$(inherited)",
					"@executable_path/Frameworks",
					"@loader_path/Frameworks",
				);
				PRODUCT_BUNDLE_IDENTIFIER = "com.SwiftDevJournal.Tests-iOS";
				PRODUCT_NAME = "$(TARGET_NAME)";
				SDKROOT = iphoneos;
				SWIFT_VERSION = 5.0;
				TARGETED_DEVICE_FAMILY = "1,2";
				TEST_TARGET_NAME = "SwiftUIMarkdownEditor (iOS)";
			};
			name = Debug;
		};
		4D23F8C82563324200B71502 /* Release */ = {
			isa = XCBuildConfiguration;
			buildSettings = {
				ALWAYS_EMBED_SWIFT_STANDARD_LIBRARIES = YES;
				CODE_SIGN_STYLE = Automatic;
				DEVELOPMENT_TEAM = SJHNKGG86R;
				INFOPLIST_FILE = "Tests iOS/Info.plist";
				IPHONEOS_DEPLOYMENT_TARGET = 14.2;
				LD_RUNPATH_SEARCH_PATHS = (
					"$(inherited)",
					"@executable_path/Frameworks",
					"@loader_path/Frameworks",
				);
				PRODUCT_BUNDLE_IDENTIFIER = "com.SwiftDevJournal.Tests-iOS";
				PRODUCT_NAME = "$(TARGET_NAME)";
				SDKROOT = iphoneos;
				SWIFT_VERSION = 5.0;
				TARGETED_DEVICE_FAMILY = "1,2";
				TEST_TARGET_NAME = "SwiftUIMarkdownEditor (iOS)";
				VALIDATE_PRODUCT = YES;
			};
			name = Release;
		};
		4D23F8CA2563324200B71502 /* Debug */ = {
			isa = XCBuildConfiguration;
			buildSettings = {
				ALWAYS_EMBED_SWIFT_STANDARD_LIBRARIES = YES;
				CODE_SIGN_STYLE = Automatic;
				COMBINE_HIDPI_IMAGES = YES;
				DEVELOPMENT_TEAM = SJHNKGG86R;
				INFOPLIST_FILE = "Tests macOS/Info.plist";
				LD_RUNPATH_SEARCH_PATHS = (
					"$(inherited)",
					"@executable_path/../Frameworks",
					"@loader_path/../Frameworks",
				);
				MACOSX_DEPLOYMENT_TARGET = 10.15;
				PRODUCT_BUNDLE_IDENTIFIER = "com.SwiftDevJournal.Tests-macOS";
				PRODUCT_NAME = "$(TARGET_NAME)";
				SDKROOT = macosx;
				SWIFT_VERSION = 5.0;
				TEST_TARGET_NAME = "SwiftUIMarkdownEditor (macOS)";
			};
			name = Debug;
		};
		4D23F8CB2563324200B71502 /* Release */ = {
			isa = XCBuildConfiguration;
			buildSettings = {
				ALWAYS_EMBED_SWIFT_STANDARD_LIBRARIES = YES;
				CODE_SIGN_STYLE = Automatic;
				COMBINE_HIDPI_IMAGES = YES;
				DEVELOPMENT_TEAM = SJHNKGG86R;
				INFOPLIST_FILE = "Tests macOS/Info.plist";
				LD_RUNPATH_SEARCH_PATHS = (
					"$(inherited)",
					"@executable_path/../Frameworks",
					"@loader_path/../Frameworks",
				);
				MACOSX_DEPLOYMENT_TARGET = 10.15;
				PRODUCT_BUNDLE_IDENTIFIER = "com.SwiftDevJournal.Tests-macOS";
				PRODUCT_NAME = "$(TARGET_NAME)";
				SDKROOT = macosx;
				SWIFT_VERSION = 5.0;
				TEST_TARGET_NAME = "SwiftUIMarkdownEditor (macOS)";
			};
			name = Release;
		};
/* End XCBuildConfiguration section */

/* Begin XCConfigurationList section */
		4D23F88A2563324000B71502 /* Build configuration list for PBXProject "SwiftUIMarkdownEditor" */ = {
			isa = XCConfigurationList;
			buildConfigurations = (
				4D23F8BE2563324200B71502 /* Debug */,
				4D23F8BF2563324200B71502 /* Release */,
			);
			defaultConfigurationIsVisible = 0;
			defaultConfigurationName = Release;
		};
		4D23F8C02563324200B71502 /* Build configuration list for PBXNativeTarget "SwiftUIMarkdownEditor (iOS)" */ = {
			isa = XCConfigurationList;
			buildConfigurations = (
				4D23F8C12563324200B71502 /* Debug */,
				4D23F8C22563324200B71502 /* Release */,
			);
			defaultConfigurationIsVisible = 0;
			defaultConfigurationName = Release;
		};
		4D23F8C32563324200B71502 /* Build configuration list for PBXNativeTarget "SwiftUIMarkdownEditor (macOS)" */ = {
			isa = XCConfigurationList;
			buildConfigurations = (
				4D23F8C42563324200B71502 /* Debug */,
				4D23F8C52563324200B71502 /* Release */,
			);
			defaultConfigurationIsVisible = 0;
			defaultConfigurationName = Release;
		};
		4D23F8C62563324200B71502 /* Build configuration list for PBXNativeTarget "Tests iOS" */ = {
			isa = XCConfigurationList;
			buildConfigurations = (
				4D23F8C72563324200B71502 /* Debug */,
				4D23F8C82563324200B71502 /* Release */,
			);
			defaultConfigurationIsVisible = 0;
			defaultConfigurationName = Release;
		};
		4D23F8C92563324200B71502 /* Build configuration list for PBXNativeTarget "Tests macOS" */ = {
			isa = XCConfigurationList;
			buildConfigurations = (
				4D23F8CA2563324200B71502 /* Debug */,
				4D23F8CB2563324200B71502 /* Release */,
			);
			defaultConfigurationIsVisible = 0;
			defaultConfigurationName = Release;
		};
/* End XCConfigurationList section */

/* Begin XCRemoteSwiftPackageReference section */
		4D23F8D42563335F00B71502 /* XCRemoteSwiftPackageReference "Ink" */ = {
			isa = XCRemoteSwiftPackageReference;
			repositoryURL = "https://github.com/JohnSundell/Ink.git";
			requirement = {
				branch = master;
				kind = branch;
			};
		};
		4DB5CE8526B32E0A00D629BC /* XCRemoteSwiftPackageReference "CodeEditor" */ = {
			isa = XCRemoteSwiftPackageReference;
			repositoryURL = "https://github.com/ZeeZide/CodeEditor";
			requirement = {
				branch = main;
				kind = branch;
			};
		};
/* End XCRemoteSwiftPackageReference section */

/* Begin XCSwiftPackageProductDependency section */
		4D23F8D52563335F00B71502 /* Ink */ = {
			isa = XCSwiftPackageProductDependency;
			package = 4D23F8D42563335F00B71502 /* XCRemoteSwiftPackageReference "Ink" */;
			productName = Ink;
		};
		4D23F8DC2563336B00B71502 /* Ink */ = {
			isa = XCSwiftPackageProductDependency;
			package = 4D23F8D42563335F00B71502 /* XCRemoteSwiftPackageReference "Ink" */;
			productName = Ink;
		};
		4DB5CE8626B32E1900D629BC /* CodeEditor */ = {
			isa = XCSwiftPackageProductDependency;
			package = 4DB5CE8526B32E0A00D629BC /* XCRemoteSwiftPackageReference "CodeEditor" */;
			productName = CodeEditor;
		};
		4DF11EFC26CD827300070C9A /* CodeEditor */ = {
			isa = XCSwiftPackageProductDependency;
			package = 4DB5CE8526B32E0A00D629BC /* XCRemoteSwiftPackageReference "CodeEditor" */;
			productName = CodeEditor;
		};
/* End XCSwiftPackageProductDependency section */
	};
	rootObject = 4D23F8872563324000B71502 /* Project object */;
}
